<?xml version="1.0" encoding="utf-8"?>
<Project ToolsVersion="4.0" xmlns="http://schemas.microsoft.com/developer/msbuild/2003">
  <ItemGroup>
    <Filter Include="Source Files">
      <UniqueIdentifier>{4FC737F1-C7A5-4376-A066-2A32D752A2FF}</UniqueIdentifier>
      <Extensions>cpp;c;cc;cxx;c++;cppm;ixx;def;odl;idl;hpj;bat;asm;asmx</Extensions>
    </Filter>
    <Filter Include="Header Files">
      <UniqueIdentifier>{93995380-89BD-4b04-88EB-625FBE52EBFB}</UniqueIdentifier>
      <Extensions>h;hh;hpp;hxx;h++;hm;inl;inc;ipp;xsd</Extensions>
    </Filter>
    <Filter Include="Resource Files">
      <UniqueIdentifier>{67DA6AB6-F800-4c08-8B7A-83BB121AAD01}</UniqueIdentifier>
      <Extensions>rc;ico;cur;bmp;dlg;rc2;rct;bin;rgs;gif;jpg;jpeg;jpe;resx;tiff;tif;png;wav;mfcribbon-ms</Extensions>
    </Filter>
  </ItemGroup>
  <ItemGroup>
    <ClCompile Include="Main.cpp">
      <Filter>Source Files</Filter>
    </ClCompile>
    <ClCompile Include="System\Runner.cpp">
      <Filter>Source Files</Filter>
    </ClCompile>
    <ClCompile Include="System\Managers\GameObjectManager.cpp">
      <Filter>Source Files</Filter>
    </ClCompile>
    <ClCompile Include="System\Managers\TextureManager.cpp">
      <Filter>Source Files</Filter>
    </ClCompile>
    <ClCompile Include="Misc\StringUtils.cpp">
      <Filter>Source Files</Filter>
    </ClCompile>
    <ClCompile Include="Entity\GameObject.cpp">
      <Filter>Source Files</Filter>
    </ClCompile>
    <ClCompile Include="Entity\ImageObjects\Background.cpp">
      <Filter>Source Files</Filter>
    </ClCompile>
    <ClCompile Include="Entity\ImageObjects\Icon.cpp">
      <Filter>Source Files</Filter>
    </ClCompile>
    <ClCompile Include="Entity\ImageObjects\TexDisplay.cpp">
      <Filter>Source Files</Filter>
    </ClCompile>
    <ClCompile Include="Entity\UI\FPSDisplay.cpp">
      <Filter>Source Files</Filter>
    </ClCompile>
    <ClCompile Include="System\StreamAssetLoader.cpp">
      <Filter>Source Files</Filter>
    </ClCompile>
    <ClCompile Include="System\Threading\IETTHread.cpp">
      <Filter>Source Files</Filter>
    </ClCompile>
    <ClCompile Include="System\Threading\PoolWorkerThread.cpp">
      <Filter>Source Files</Filter>
    </ClCompile>
    <ClCompile Include="System\Threading\ThreadPool.cpp">
      <Filter>Source Files</Filter>
    </ClCompile>
    <ClCompile Include="System\Managers\SoundManager.cpp">
      <Filter>Source Files</Filter>
    </ClCompile>
    <ClCompile Include="System\Threading\MySemaphore.cpp">
      <Filter>Source Files</Filter>
    </ClCompile>
    <ClCompile Include="Entity\LoadingScreen\LoadingScreen.cpp">
      <Filter>Source Files</Filter>
    </ClCompile>
    <ClCompile Include="Entity\Pooling\PoolableObject.cpp">
      <Filter>Source Files</Filter>
    </ClCompile>
    <ClCompile Include="Entity\Pooling\Enemy.cpp">
      <Filter>Source Files</Filter>
    </ClCompile>
    <ClCompile Include="System\Pooling\GameObjectPool.cpp">
      <Filter>Source Files</Filter>
    </ClCompile>
    <ClCompile Include="System\Managers\ObjectPoolManager.cpp">
      <Filter>Source Files</Filter>
    </ClCompile>
    <ClCompile Include="Entity\UI\NextButton.cpp">
      <Filter>Source Files</Filter>
    </ClCompile>
  </ItemGroup>
  <ItemGroup>
    <ClInclude Include="System\Runner.h">
      <Filter>Header Files</Filter>
    </ClInclude>
    <ClInclude Include="Misc\Constants.h">
      <Filter>Header Files</Filter>
    </ClInclude>
    <ClInclude Include="System\Managers\GameObjectManager.h">
      <Filter>Header Files</Filter>
    </ClInclude>
    <ClInclude Include="System\Managers\TextureManager.h">
      <Filter>Header Files</Filter>
    </ClInclude>
    <ClInclude Include="Misc\StringUtils.h">
      <Filter>Header Files</Filter>
    </ClInclude>
    <ClInclude Include="Entity\GameObject.h">
      <Filter>Header Files</Filter>
    </ClInclude>
    <ClInclude Include="Entity\ImageObjects\Background.h">
      <Filter>Header Files</Filter>
    </ClInclude>
    <ClInclude Include="Entity\ImageObjects\Icon.h">
      <Filter>Header Files</Filter>
    </ClInclude>
    <ClInclude Include="Entity\ImageObjects\TexDisplay.h">
      <Filter>Header Files</Filter>
    </ClInclude>
    <ClInclude Include="Entity\UI\FPSDisplay.h">
      <Filter>Header Files</Filter>
    </ClInclude>
    <ClInclude Include="System\StreamAssetLoader.h">
      <Filter>Header Files</Filter>
    </ClInclude>
    <ClInclude Include="System\Interfaces\IExecutableEvent.h">
      <Filter>Header Files</Filter>
    </ClInclude>
    <ClInclude Include="System\Interfaces\IWorkerAction.h">
      <Filter>Header Files</Filter>
    </ClInclude>
    <ClInclude Include="System\Threading\IETTHread.h">
      <Filter>Header Files</Filter>
    </ClInclude>
    <ClInclude Include="System\Threading\PoolWorkerThread.h">
      <Filter>Header Files</Filter>
    </ClInclude>
    <ClInclude Include="System\Threading\ThreadPool.h">
      <Filter>Header Files</Filter>
    </ClInclude>
    <ClInclude Include="System\Managers\SoundManager.h">
      <Filter>Header Files</Filter>
    </ClInclude>
    <ClInclude Include="System\Threading\MySemaphore.h">
      <Filter>Header Files</Filter>
    </ClInclude>
    <ClInclude Include="Component\Interfaces\IKillable.h">
      <Filter>Header Files</Filter>
    </ClInclude>
    <ClInclude Include="Entity\LoadingScreen\LoadingScreen.h">
      <Filter>Header Files</Filter>
    </ClInclude>
    <ClInclude Include="Entity\Pooling\PoolableObject.h">
      <Filter>Header Files</Filter>
    </ClInclude>
    <ClInclude Include="Entity\Pooling\Enemy.h">
      <Filter>Header Files</Filter>
    </ClInclude>
    <ClInclude Include="System\Pooling\GameObjectPool.h">
      <Filter>Header Files</Filter>
    </ClInclude>
    <ClInclude Include="Misc\PoolTags.h">
      <Filter>Header Files</Filter>
    </ClInclude>
    <ClInclude Include="System\Managers\ObjectPoolManager.h">
      <Filter>Header Files</Filter>
    </ClInclude>
    <ClInclude Include="Misc\SoundTags.h">
      <Filter>Header Files</Filter>
    </ClInclude>
    <ClInclude Include="Entity\UI\NextButton.h">
      <Filter>Header Files</Filter>
    </ClInclude>
  </ItemGroup>
</Project>